
Microsoft Visual Studio Solution File, Format Version 12.00
# Visual Studio Version 16
VisualStudioVersion = 16.0.29613.14
MinimumVisualStudioVersion = 10.0.40219.1
Project("{151D2E53-A2C4-4D7D-83FE-D05416EBD58E}") = "AzureResourceGroup1", "AzureResourceGroup1\AzureResourceGroup1.deployproj", "{9145798C-5B5C-4C4B-9203-B0EBEF8F4A0A}"
EndProject
Global
	GlobalSection(SolutionConfigurationPlatforms) = preSolution
		Debug|Any CPU = Debug|Any CPU
		Release|Any CPU = Release|Any CPU
	EndGlobalSection
	GlobalSection(ProjectConfigurationPlatforms) = postSolution
		{9145798C-5B5C-4C4B-9203-B0EBEF8F4A0A}.Debug|Any CPU.ActiveCfg = Debug|Any CPU
		{9145798C-5B5C-4C4B-9203-B0EBEF8F4A0A}.Debug|Any CPU.Build.0 = Debug|Any CPU
		{9145798C-5B5C-4C4B-9203-B0EBEF8F4A0A}.Release|Any CPU.ActiveCfg = Release|Any CPU
		{9145798C-5B5C-4C4B-9203-B0EBEF8F4A0A}.Release|Any CPU.Build.0 = Release|Any CPU
	EndGlobalSection
	GlobalSection(SolutionProperties) = preSolution
		HideSolutionNode = FALSE
	EndGlobalSection
	GlobalSection(ExtensibilityGlobals) = postSolution
		SolutionGuid = {C9C63438-8906-4702-879F-0239DAF0F30F}
	EndGlobalSection
EndGlobal
